// !$*UTF8*$!
{
	archiveVersion = 1;
	classes = {
	};
	objectVersion = 77;
	objects = {

/* Begin PBXContainerItemProxy section */
		53EED8512EEF545200373C5F /* PBXContainerItemProxy */ = {
			isa = PBXContainerItemProxy;
			containerPortal = 53EED8372EEF545100373C5F /* Project object */;
			proxyType = 1;
			remoteGlobalIDString = 53EED83E2EEF545100373C5F;
			remoteInfo = "Square Tier";
		};
		53EED85B2EEF545200373C5F /* PBXContainerItemProxy */ = {
			isa = PBXContainerItemProxy;
			containerPortal = 53EED8372EEF545100373C5F /* Project object */;
			proxyType = 1;
			remoteGlobalIDString = 53EED83E2EEF545100373C5F;
			remoteInfo = "Square Tier";
		};
/* End PBXContainerItemProxy section */

/* Begin PBXFileReference section */
		182B88790292E0C18E454702 /* Secrets.release.xcconfig */ = {isa = PBXFileReference; lastKnownFileType = text.xcconfig; path = Secrets.release.xcconfig; sourceTree = "<group>"; };
		3E63223690E2E59B4F5C5EDF /* Secrets.debug.xcconfig */ = {isa = PBXFileReference; lastKnownFileType = text.xcconfig; path = Secrets.debug.xcconfig; sourceTree = "<group>"; };
		53EED83F2EEF545100373C5F /* Casa Marana.app */ = {isa = PBXFileReference; explicitFileType = wrapper.application; includeInIndex = 0; path = "Casa Marana.app"; sourceTree = BUILT_PRODUCTS_DIR; };
		53EED8502EEF545200373C5F /* Square TierTests.xctest */ = {isa = PBXFileReference; explicitFileType = wrapper.cfbundle; includeInIndex = 0; path = "Square TierTests.xctest"; sourceTree = BUILT_PRODUCTS_DIR; };
		53EED85A2EEF545200373C5F /* Square TierUITests.xctest */ = {isa = PBXFileReference; explicitFileType = wrapper.cfbundle; includeInIndex = 0; path = "Square TierUITests.xctest"; sourceTree = BUILT_PRODUCTS_DIR; };
/* End PBXFileReference section */

/* Begin PBXFileSystemSynchronizedBuildFileExceptionSet section */
		533FB3452F19C3A9004F3F5B /* Exceptions for "Square TierUITests" folder in "Square TierUITests" target */ = {
			isa = PBXFileSystemSynchronizedBuildFileExceptionSet;
			membershipExceptions = (
				loyalty.pkpass,
			);
			target = 53EED8592EEF545200373C5F /* Square TierUITests */;
		};
		53EED8622EEF545200373C5F /* Exceptions for "Square Tier" folder in "Casa Marana" target */ = {
			isa = PBXFileSystemSynchronizedBuildFileExceptionSet;
			membershipExceptions = (
				Info.plist,
				"Models/MembershipTier 2.swift",
				"Models/UserProfile 2.swift",
				"Utilities/AppleWalletUtilities 2.swift",
				"Utilities/BackendRoute 2.swift",
				"Utilities/CMHTTP 2.swift",
				"Utilities/CustomerValidation 2.swift",
				"Utilities/PhoneUtilities 2.swift",
				"Utilities/SafariView 2.swift",
				"Utilities/UserFacingError 2.swift",
				"ViewModels/AppSession 2.swift",
				"Views/Auth/AuthGateView 2.swift",
				"Views/Auth/CreateAccountView 2.swift",
				"Views/Auth/UnlockView 2.swift",
				"Views/Core/AppBrandLogoView 2.swift",
				"Views/Core/ContentTabsView 2.swift",
				"Views/Core/HomeButtonCircle 2.swift",
				"Views/Core/HomeView 2.swift",
				"Views/Core/SettingsView 2.swift",
				"Views/Events/EventsView 2.swift",
				"Views/Game/SnakeGameView 2.swift",
				"Views/Menu/MenuCategoryMapping 2.swift",
				"Views/Menu/MenuView 2.swift",
				"Views/Menu/SquareMenuSeed 2.swift",
				"Views/Rewards/ProfileView 2.swift",
				"Views/Rewards/RewardsAuthEntryView 2.swift",
				"Views/Rewards/RewardsPreview 2.swift",
				"Views/Rewards/RewardsWalletView 2.swift",
			);
			target = 53EED83E2EEF545100373C5F /* Casa Marana */;
		};
		A1C9B0D12E3F4A5600010001 /* Exceptions for "Square TierTests" folder in "Square TierTests" target */ = {
			isa = PBXFileSystemSynchronizedBuildFileExceptionSet;
			membershipExceptions = (
				"Square_TierTests 2.swift",
			);
			target = 53EED84F2EEF545200373C5F /* Square TierTests */;
		};
/* End PBXFileSystemSynchronizedBuildFileExceptionSet section */

/* Begin PBXFileSystemSynchronizedRootGroup section */
		53EED8412EEF545100373C5F /* Square Tier */ = {
			isa = PBXFileSystemSynchronizedRootGroup;
			exceptions = (
				53EED8622EEF545200373C5F /* Exceptions for "Square Tier" folder in "Casa Marana" target */,
			);
			path = "Square Tier";
			sourceTree = "<group>";
		};
		53EED8532EEF545200373C5F /* Square TierTests */ = {
			isa = PBXFileSystemSynchronizedRootGroup;
			exceptions = (
				A1C9B0D12E3F4A5600010001 /* Exceptions for "Square TierTests" folder in "Square TierTests" target */,
			);
			path = "Square TierTests";
			sourceTree = "<group>";
		};
		53EED85D2EEF545200373C5F /* Square TierUITests */ = {
			isa = PBXFileSystemSynchronizedRootGroup;
			exceptions = (
				533FB3452F19C3A9004F3F5B /* Exceptions for "Square TierUITests" folder in "Square TierUITests" target */,
			);
			path = "Square TierUITests";
			sourceTree = "<group>";
		};
/* End PBXFileSystemSynchronizedRootGroup section */

/* Begin PBXFrameworksBuildPhase section */
		53EED83C2EEF545100373C5F /* Frameworks */ = {
			isa = PBXFrameworksBuildPhase;
			buildActionMask = 2147483647;
			files = (
			);
			runOnlyForDeploymentPostprocessing = 0;
		};
		53EED84D2EEF545200373C5F /* Frameworks */ = {
			isa = PBXFrameworksBuildPhase;
			buildActionMask = 2147483647;
			files = (
			);
			runOnlyForDeploymentPostprocessing = 0;
		};
		53EED8572EEF545200373C5F /* Frameworks */ = {
			isa = PBXFrameworksBuildPhase;
			buildActionMask = 2147483647;
			files = (
			);
			runOnlyForDeploymentPostprocessing = 0;
		};
/* End PBXFrameworksBuildPhase section */

/* Begin PBXGroup section */
		432E83002F56065C7CD93083 /* Config */ = {
			isa = PBXGroup;
			children = (
				3E63223690E2E59B4F5C5EDF /* Secrets.debug.xcconfig */,
				182B88790292E0C18E454702 /* Secrets.release.xcconfig */,
			);
			path = Config;
			sourceTree = "<group>";
		};
		53EED8362EEF545100373C5F = {
			isa = PBXGroup;
			children = (
				432E83002F56065C7CD93083 /* Config */,
				53EED8412EEF545100373C5F /* Square Tier */,
				53EED8532EEF545200373C5F /* Square TierTests */,
				53EED85D2EEF545200373C5F /* Square TierUITests */,
				53EED8402EEF545100373C5F /* Products */,
			);
			sourceTree = "<group>";
		};
		53EED8402EEF545100373C5F /* Products */ = {
			isa = PBXGroup;
			children = (
				53EED83F2EEF545100373C5F /* Casa Marana.app */,
				53EED8502EEF545200373C5F /* Square TierTests.xctest */,
				53EED85A2EEF545200373C5F /* Square TierUITests.xctest */,
			);
			name = Products;
			sourceTree = "<group>";
		};
/* End PBXGroup section */

/* Begin PBXNativeTarget section */
		53EED83E2EEF545100373C5F /* Casa Marana */ = {
			isa = PBXNativeTarget;
			buildConfigurationList = 53EED8632EEF545200373C5F /* Build configuration list for PBXNativeTarget "Casa Marana" */;
			buildPhases = (
				53EED83B2EEF545100373C5F /* Sources */,
				53EED83C2EEF545100373C5F /* Frameworks */,
				53EED83D2EEF545100373C5F /* Resources */,
			);
			buildRules = (
			);
			dependencies = (
			);
			fileSystemSynchronizedGroups = (
				53EED8412EEF545100373C5F /* Square Tier */,
			);
			name = "Casa Marana";
			packageProductDependencies = (
			);
			productName = "Casa Marana";
			productReference = 53EED83F2EEF545100373C5F /* Casa Marana.app */;
			productType = "com.apple.product-type.application";
		};
		53EED84F2EEF545200373C5F /* Square TierTests */ = {
			isa = PBXNativeTarget;
			buildConfigurationList = 53EED8682EEF545200373C5F /* Build configuration list for PBXNativeTarget "Square TierTests" */;
			buildPhases = (
				53EED84C2EEF545200373C5F /* Sources */,
				53EED84D2EEF545200373C5F /* Frameworks */,
				53EED84E2EEF545200373C5F /* Resources */,
			);
			buildRules = (
			);
			dependencies = (
				53EED8522EEF545200373C5F /* PBXTargetDependency */,
			);
			fileSystemSynchronizedGroups = (
				53EED8532EEF545200373C5F /* Square TierTests */,
			);
			name = "Square TierTests";
			packageProductDependencies = (
			);
			productName = "Square TierTests";
			productReference = 53EED8502EEF545200373C5F /* Square TierTests.xctest */;
			productType = "com.apple.product-type.bundle.unit-test";
		};
		53EED8592EEF545200373C5F /* Square TierUITests */ = {
			isa = PBXNativeTarget;
			buildConfigurationList = 53EED86B2EEF545200373C5F /* Build configuration list for PBXNativeTarget "Square TierUITests" */;
			buildPhases = (
				53EED8562EEF545200373C5F /* Sources */,
				53EED8572EEF545200373C5F /* Frameworks */,
				53EED8582EEF545200373C5F /* Resources */,
			);
			buildRules = (
			);
			dependencies = (
				53EED85C2EEF545200373C5F /* PBXTargetDependency */,
			);
			fileSystemSynchronizedGroups = (
				53EED85D2EEF545200373C5F /* Square TierUITests */,
			);
			name = "Square TierUITests";
			packageProductDependencies = (
			);
			productName = "Square TierUITests";
			productReference = 53EED85A2EEF545200373C5F /* Square TierUITests.xctest */;
			productType = "com.apple.product-type.bundle.ui-testing";
		};
/* End PBXNativeTarget section */

/* Begin PBXProject section */
		53EED8372EEF545100373C5F /* Project object */ = {
			isa = PBXProject;
			attributes = {
				BuildIndependentTargetsInParallel = 1;
				LastSwiftUpdateCheck = 2620;
				LastUpgradeCheck = 2630;
				TargetAttributes = {
					53EED83E2EEF545100373C5F = {
						CreatedOnToolsVersion = 26.2;
					};
					53EED84F2EEF545200373C5F = {
						CreatedOnToolsVersion = 26.2;
						TestTargetID = 53EED83E2EEF545100373C5F;
					};
					53EED8592EEF545200373C5F = {
						CreatedOnToolsVersion = 26.2;
						TestTargetID = 53EED83E2EEF545100373C5F;
					};
				};
			};
			buildConfigurationList = 53EED83A2EEF545100373C5F /* Build configuration list for PBXProject "Square Tier" */;
			developmentRegion = en;
			hasScannedForEncodings = 0;
			knownRegions = (
				en,
				Base,
			);
			mainGroup = 53EED8362EEF545100373C5F;
			minimizedProjectReferenceProxies = 1;
			preferredProjectObjectVersion = 77;
			productRefGroup = 53EED8402EEF545100373C5F /* Products */;
			projectDirPath = "";
			projectRoot = "";
			targets = (
				53EED83E2EEF545100373C5F /* Casa Marana */,
				53EED84F2EEF545200373C5F /* Square TierTests */,
				53EED8592EEF545200373C5F /* Square TierUITests */,
			);
		};
/* End PBXProject section */

/* Begin PBXResourcesBuildPhase section */
		53EED83D2EEF545100373C5F /* Resources */ = {
			isa = PBXResourcesBuildPhase;
			buildActionMask = 2147483647;
			files = (
			);
			runOnlyForDeploymentPostprocessing = 0;
		};
		53EED84E2EEF545200373C5F /* Resources */ = {
			isa = PBXResourcesBuildPhase;
			buildActionMask = 2147483647;
			files = (
			);
			runOnlyForDeploymentPostprocessing = 0;
		};
		53EED8582EEF545200373C5F /* Resources */ = {
			isa = PBXResourcesBuildPhase;
			buildActionMask = 2147483647;
			files = (
			);
			runOnlyForDeploymentPostprocessing = 0;
		};
/* End PBXResourcesBuildPhase section */

/* Begin PBXSourcesBuildPhase section */
		53EED83B2EEF545100373C5F /* Sources */ = {
			isa = PBXSourcesBuildPhase;
			buildActionMask = 2147483647;
			files = (
			);
			runOnlyForDeploymentPostprocessing = 0;
		};
		53EED84C2EEF545200373C5F /* Sources */ = {
			isa = PBXSourcesBuildPhase;
			buildActionMask = 2147483647;
			files = (
			);
			runOnlyForDeploymentPostprocessing = 0;
		};
		53EED8562EEF545200373C5F /* Sources */ = {
			isa = PBXSourcesBuildPhase;
			buildActionMask = 2147483647;
			files = (
			);
			runOnlyForDeploymentPostprocessing = 0;
		};
/* End PBXSourcesBuildPhase section */

/* Begin PBXTargetDependency section */
		53EED8522EEF545200373C5F /* PBXTargetDependency */ = {
			isa = PBXTargetDependency;
			target = 53EED83E2EEF545100373C5F /* Casa Marana */;
			targetProxy = 53EED8512EEF545200373C5F /* PBXContainerItemProxy */;
		};
		53EED85C2EEF545200373C5F /* PBXTargetDependency */ = {
			isa = PBXTargetDependency;
			target = 53EED83E2EEF545100373C5F /* Casa Marana */;
			targetProxy = 53EED85B2EEF545200373C5F /* PBXContainerItemProxy */;
		};
/* End PBXTargetDependency section */

/* Begin XCBuildConfiguration section */
		53EED8642EEF545200373C5F /* Debug */ = {
			isa = XCBuildConfiguration;
			baseConfigurationReference = 3E63223690E2E59B4F5C5EDF /* Secrets.debug.xcconfig */;
			buildSettings = {
				ASSETCATALOG_COMPILER_APPICON_NAME = AppIcon;
				ASSETCATALOG_COMPILER_GLOBAL_ACCENT_COLOR_NAME = AccentColor;
				CODE_SIGN_ENTITLEMENTS = "Square Tier/Square_Tier.entitlements";
				CODE_SIGN_IDENTITY = "Apple Development";
				CODE_SIGN_STYLE = Automatic;
					CURRENT_PROJECT_VERSION = 3;
				DEVELOPMENT_TEAM = Y32NA77D5W;
				ENABLE_PREVIEWS = YES;
				GENERATE_INFOPLIST_FILE = YES;
				INFOPLIST_FILE = "Square Tier/Info.plist";
				INFOPLIST_KEY_CFBundleDisplayName = "Casa Marana";
				INFOPLIST_KEY_CMAPIAuthMode = "$(CM_API_AUTH_MODE)";
				INFOPLIST_KEY_CMAPIKey = "$(CM_API_KEY)";
				INFOPLIST_KEY_CMBackendBaseURL = "$(CM_BACKEND_BASE_URL)";
				INFOPLIST_KEY_LSApplicationCategoryType = "public.app-category.food-and-drink";
				INFOPLIST_KEY_NSFaceIDUsageDescription = "Use Face ID to securely unlock your Casa Marana profile.";
				INFOPLIST_KEY_NSLocationWhenInUseUsageDescription = "Casa Marana uses your location while you use the app for optional Smart Check-In at the venue.";
				INFOPLIST_KEY_UIApplicationSceneManifest_Generation = YES;
				INFOPLIST_KEY_UIApplicationSupportsIndirectInputEvents = YES;
				INFOPLIST_KEY_UILaunchScreen_Generation = YES;
				INFOPLIST_KEY_UISupportedInterfaceOrientations_iPad = "UIInterfaceOrientationPortrait UIInterfaceOrientationPortraitUpsideDown UIInterfaceOrientationLandscapeLeft UIInterfaceOrientationLandscapeRight";
				INFOPLIST_KEY_UISupportedInterfaceOrientations_iPhone = "UIInterfaceOrientationPortrait UIInterfaceOrientationLandscapeLeft UIInterfaceOrientationLandscapeRight";
				LD_RUNPATH_SEARCH_PATHS = (
					"$(inherited)",
					"@executable_path/Frameworks",
				);
						MARKETING_VERSION = 1.1;
				PRODUCT_BUNDLE_IDENTIFIER = com.kyleschwab.squaretier;
				PRODUCT_NAME = "$(TARGET_NAME)";
				STRING_CATALOG_GENERATE_SYMBOLS = YES;
				SWIFT_APPROACHABLE_CONCURRENCY = YES;
				SWIFT_DEFAULT_ACTOR_ISOLATION = MainActor;
				SWIFT_EMIT_LOC_STRINGS = YES;
				SWIFT_UPCOMING_FEATURE_MEMBER_IMPORT_VISIBILITY = YES;
				SWIFT_VERSION = 5.0;
				TARGETED_DEVICE_FAMILY = "1,2";
			};
			name = Debug;
		};
		53EED8652EEF545200373C5F /* Release */ = {
			isa = XCBuildConfiguration;
			baseConfigurationReference = 182B88790292E0C18E454702 /* Secrets.release.xcconfig */;
			buildSettings = {
				ASSETCATALOG_COMPILER_APPICON_NAME = AppIcon;
				ASSETCATALOG_COMPILER_GLOBAL_ACCENT_COLOR_NAME = AccentColor;
				CODE_SIGN_ENTITLEMENTS = "Square Tier/Square_Tier.entitlements";
				CODE_SIGN_IDENTITY = "Apple Development";
				"CODE_SIGN_IDENTITY[sdk=iphoneos*]" = "iPhone Distribution";
				CODE_SIGN_STYLE = Manual;
					CURRENT_PROJECT_VERSION = 3;
				DEVELOPMENT_TEAM = "";
				"DEVELOPMENT_TEAM[sdk=iphoneos*]" = Y32NA77D5W;
				ENABLE_PREVIEWS = YES;
				GENERATE_INFOPLIST_FILE = YES;
				INFOPLIST_FILE = "Square Tier/Info.plist";
				INFOPLIST_KEY_CFBundleDisplayName = "Casa Marana";
				INFOPLIST_KEY_CMAPIAuthMode = "$(CM_API_AUTH_MODE)";
				INFOPLIST_KEY_CMAPIKey = "$(CM_API_KEY)";
				INFOPLIST_KEY_CMBackendBaseURL = "$(CM_BACKEND_BASE_URL)";
				INFOPLIST_KEY_LSApplicationCategoryType = "public.app-category.food-and-drink";
				INFOPLIST_KEY_NSFaceIDUsageDescription = "Use Face ID to securely unlock your Casa Marana profile.";
				INFOPLIST_KEY_NSLocationWhenInUseUsageDescription = "Casa Marana uses your location while you use the app for optional Smart Check-In at the venue.";
				INFOPLIST_KEY_UIApplicationSceneManifest_Generation = YES;
				INFOPLIST_KEY_UIApplicationSupportsIndirectInputEvents = YES;
				INFOPLIST_KEY_UILaunchScreen_Generation = YES;
				INFOPLIST_KEY_UISupportedInterfaceOrientations_iPad = "UIInterfaceOrientationPortrait UIInterfaceOrientationPortraitUpsideDown UIInterfaceOrientationLandscapeLeft UIInterfaceOrientationLandscapeRight";
				INFOPLIST_KEY_UISupportedInterfaceOrientations_iPhone = "UIInterfaceOrientationPortrait UIInterfaceOrientationLandscapeLeft UIInterfaceOrientationLandscapeRight";
				LD_RUNPATH_SEARCH_PATHS = (
					"$(inherited)",
					"@executable_path/Frameworks",
				);
						MARKETING_VERSION = 1.1;
				PRODUCT_BUNDLE_IDENTIFIER = com.kyleschwab.squaretier;
				PRODUCT_NAME = "$(TARGET_NAME)";
				PROVISIONING_PROFILE_SPECIFIER = "";
				"PROVISIONING_PROFILE_SPECIFIER[sdk=iphoneos*]" = CasaMarana_AppStoreConnect_FINAL;
				STRING_CATALOG_GENERATE_SYMBOLS = YES;
				SWIFT_APPROACHABLE_CONCURRENCY = YES;
				SWIFT_DEFAULT_ACTOR_ISOLATION = MainActor;
				SWIFT_EMIT_LOC_STRINGS = YES;
				SWIFT_UPCOMING_FEATURE_MEMBER_IMPORT_VISIBILITY = YES;
				SWIFT_VERSION = 5.0;
				TARGETED_DEVICE_FAMILY = "1,2";
			};
			name = Release;
		};
		53EED8662EEF545200373C5F /* Debug */ = {
			isa = XCBuildConfiguration;
			buildSettings = {
				ALWAYS_SEARCH_USER_PATHS = NO;
				ASSETCATALOG_COMPILER_GENERATE_SWIFT_ASSET_SYMBOL_EXTENSIONS = YES;
				CLANG_ANALYZER_NONNULL = YES;
				CLANG_ANALYZER_NUMBER_OBJECT_CONVERSION = YES_AGGRESSIVE;
				CLANG_CXX_LANGUAGE_STANDARD = "gnu++20";
				CLANG_ENABLE_MODULES = YES;
				CLANG_ENABLE_OBJC_ARC = YES;
				CLANG_ENABLE_OBJC_WEAK = YES;
				CLANG_WARN_BLOCK_CAPTURE_AUTORELEASING = YES;
				CLANG_WARN_BOOL_CONVERSION = YES;
				CLANG_WARN_COMMA = YES;
				CLANG_WARN_CONSTANT_CONVERSION = YES;
				CLANG_WARN_DEPRECATED_OBJC_IMPLEMENTATIONS = YES;
				CLANG_WARN_DIRECT_OBJC_ISA_USAGE = YES_ERROR;
				CLANG_WARN_DOCUMENTATION_COMMENTS = YES;
				CLANG_WARN_EMPTY_BODY = YES;
				CLANG_WARN_ENUM_CONVERSION = YES;
				CLANG_WARN_INFINITE_RECURSION = YES;
				CLANG_WARN_INT_CONVERSION = YES;
				CLANG_WARN_NON_LITERAL_NULL_CONVERSION = YES;
				CLANG_WARN_OBJC_IMPLICIT_RETAIN_SELF = YES;
				CLANG_WARN_OBJC_LITERAL_CONVERSION = YES;
				CLANG_WARN_OBJC_ROOT_CLASS = YES_ERROR;
				CLANG_WARN_QUOTED_INCLUDE_IN_FRAMEWORK_HEADER = YES;
				CLANG_WARN_RANGE_LOOP_ANALYSIS = YES;
				CLANG_WARN_STRICT_PROTOTYPES = YES;
				CLANG_WARN_SUSPICIOUS_MOVE = YES;
				CLANG_WARN_UNGUARDED_AVAILABILITY = YES_AGGRESSIVE;
				CLANG_WARN_UNREACHABLE_CODE = YES;
				CLANG_WARN__DUPLICATE_METHOD_MATCH = YES;
				COPY_PHASE_STRIP = NO;
				DEBUG_INFORMATION_FORMAT = dwarf;
				DEVELOPMENT_TEAM = Y32NA77D5W;
				ENABLE_STRICT_OBJC_MSGSEND = YES;
				ENABLE_TESTABILITY = YES;
				ENABLE_USER_SCRIPT_SANDBOXING = YES;
				GCC_C_LANGUAGE_STANDARD = gnu17;
				GCC_DYNAMIC_NO_PIC = NO;
				GCC_NO_COMMON_BLOCKS = YES;
				GCC_OPTIMIZATION_LEVEL = 0;
				GCC_PREPROCESSOR_DEFINITIONS = (
					"DEBUG=1",
					"$(inherited)",
				);
				GCC_WARN_64_TO_32_BIT_CONVERSION = YES;
				GCC_WARN_ABOUT_RETURN_TYPE = YES_ERROR;
				GCC_WARN_UNDECLARED_SELECTOR = YES;
				GCC_WARN_UNINITIALIZED_AUTOS = YES_AGGRESSIVE;
				GCC_WARN_UNUSED_FUNCTION = YES;
				GCC_WARN_UNUSED_VARIABLE = YES;
				IPHONEOS_DEPLOYMENT_TARGET = 17.0;
				LOCALIZATION_PREFERS_STRING_CATALOGS = YES;
				MTL_ENABLE_DEBUG_INFO = INCLUDE_SOURCE;
				MTL_FAST_MATH = YES;
				ONLY_ACTIVE_ARCH = YES;
				SDKROOT = iphoneos;
				STRING_CATALOG_GENERATE_SYMBOLS = YES;
				SWIFT_ACTIVE_COMPILATION_CONDITIONS = "DEBUG $(inherited)";
				SWIFT_OPTIMIZATION_LEVEL = "-Onone";
			};
			name = Debug;
		};
		53EED8672EEF545200373C5F /* Release */ = {
			isa = XCBuildConfiguration;
			buildSettings = {
				ALWAYS_SEARCH_USER_PATHS = NO;
				ASSETCATALOG_COMPILER_GENERATE_SWIFT_ASSET_SYMBOL_EXTENSIONS = YES;
				CLANG_ANALYZER_NONNULL = YES;
				CLANG_ANALYZER_NUMBER_OBJECT_CONVERSION = YES_AGGRESSIVE;
				CLANG_CXX_LANGUAGE_STANDARD = "gnu++20";
				CLANG_ENABLE_MODULES = YES;
				CLANG_ENABLE_OBJC_ARC = YES;
				CLANG_ENABLE_OBJC_WEAK = YES;
				CLANG_WARN_BLOCK_CAPTURE_AUTORELEASING = YES;
				CLANG_WARN_BOOL_CONVERSION = YES;
				CLANG_WARN_COMMA = YES;
				CLANG_WARN_CONSTANT_CONVERSION = YES;
				CLANG_WARN_DEPRECATED_OBJC_IMPLEMENTATIONS = YES;
				CLANG_WARN_DIRECT_OBJC_ISA_USAGE = YES_ERROR;
				CLANG_WARN_DOCUMENTATION_COMMENTS = YES;
				CLANG_WARN_EMPTY_BODY = YES;
				CLANG_WARN_ENUM_CONVERSION = YES;
				CLANG_WARN_INFINITE_RECURSION = YES;
				CLANG_WARN_INT_CONVERSION = YES;
				CLANG_WARN_NON_LITERAL_NULL_CONVERSION = YES;
				CLANG_WARN_OBJC_IMPLICIT_RETAIN_SELF = YES;
				CLANG_WARN_OBJC_LITERAL_CONVERSION = YES;
				CLANG_WARN_OBJC_ROOT_CLASS = YES_ERROR;
				CLANG_WARN_QUOTED_INCLUDE_IN_FRAMEWORK_HEADER = YES;
				CLANG_WARN_RANGE_LOOP_ANALYSIS = YES;
				CLANG_WARN_STRICT_PROTOTYPES = YES;
				CLANG_WARN_SUSPICIOUS_MOVE = YES;
				CLANG_WARN_UNGUARDED_AVAILABILITY = YES_AGGRESSIVE;
				CLANG_WARN_UNREACHABLE_CODE = YES;
				CLANG_WARN__DUPLICATE_METHOD_MATCH = YES;
				COPY_PHASE_STRIP = NO;
				DEBUG_INFORMATION_FORMAT = "dwarf-with-dsym";
				DEVELOPMENT_TEAM = Y32NA77D5W;
				ENABLE_NS_ASSERTIONS = NO;
				ENABLE_STRICT_OBJC_MSGSEND = YES;
				ENABLE_USER_SCRIPT_SANDBOXING = YES;
				GCC_C_LANGUAGE_STANDARD = gnu17;
				GCC_NO_COMMON_BLOCKS = YES;
				GCC_WARN_64_TO_32_BIT_CONVERSION = YES;
				GCC_WARN_ABOUT_RETURN_TYPE = YES_ERROR;
				GCC_WARN_UNDECLARED_SELECTOR = YES;
				GCC_WARN_UNINITIALIZED_AUTOS = YES_AGGRESSIVE;
				GCC_WARN_UNUSED_FUNCTION = YES;
				GCC_WARN_UNUSED_VARIABLE = YES;
				IPHONEOS_DEPLOYMENT_TARGET = 17.0;
				LOCALIZATION_PREFERS_STRING_CATALOGS = YES;
				MTL_ENABLE_DEBUG_INFO = NO;
				MTL_FAST_MATH = YES;
				SDKROOT = iphoneos;
				STRING_CATALOG_GENERATE_SYMBOLS = YES;
				SWIFT_COMPILATION_MODE = wholemodule;
				VALIDATE_PRODUCT = YES;
			};
			name = Release;
		};
		53EED8692EEF545200373C5F /* Debug */ = {
			isa = XCBuildConfiguration;
			buildSettings = {
				BUNDLE_LOADER = "$(TEST_HOST)";
				CODE_SIGN_STYLE = Automatic;
				CURRENT_PROJECT_VERSION = 1;
				DEVELOPMENT_TEAM = 3DL2NTXJ54;
				GENERATE_INFOPLIST_FILE = YES;
				IPHONEOS_DEPLOYMENT_TARGET = 17.0;
					MARKETING_VERSION = 1.1;
				PRODUCT_BUNDLE_IDENTIFIER = "com.Square-TierTests";
				PRODUCT_NAME = "$(TARGET_NAME)";
				STRING_CATALOG_GENERATE_SYMBOLS = NO;
				SWIFT_APPROACHABLE_CONCURRENCY = YES;
				SWIFT_EMIT_LOC_STRINGS = NO;
				SWIFT_UPCOMING_FEATURE_MEMBER_IMPORT_VISIBILITY = YES;
				SWIFT_VERSION = 5.0;
				TARGETED_DEVICE_FAMILY = "1,2";
				TEST_HOST = "$(BUILT_PRODUCTS_DIR)/Casa Marana.app/$(BUNDLE_EXECUTABLE_FOLDER_PATH)/Casa Marana";
			};
			name = Debug;
		};
		53EED86A2EEF545200373C5F /* Release */ = {
			isa = XCBuildConfiguration;
			buildSettings = {
				BUNDLE_LOADER = "$(TEST_HOST)";
				CODE_SIGN_STYLE = Automatic;
				CURRENT_PROJECT_VERSION = 1;
				DEVELOPMENT_TEAM = 3DL2NTXJ54;
				GENERATE_INFOPLIST_FILE = YES;
				IPHONEOS_DEPLOYMENT_TARGET = 17.0;
					MARKETING_VERSION = 1.1;
				PRODUCT_BUNDLE_IDENTIFIER = "com.Square-TierTests";
				PRODUCT_NAME = "$(TARGET_NAME)";
				STRING_CATALOG_GENERATE_SYMBOLS = NO;
				SWIFT_APPROACHABLE_CONCURRENCY = YES;
				SWIFT_EMIT_LOC_STRINGS = NO;
				SWIFT_UPCOMING_FEATURE_MEMBER_IMPORT_VISIBILITY = YES;
				SWIFT_VERSION = 5.0;
				TARGETED_DEVICE_FAMILY = "1,2";
				TEST_HOST = "$(BUILT_PRODUCTS_DIR)/Casa Marana.app/$(BUNDLE_EXECUTABLE_FOLDER_PATH)/Casa Marana";
			};
			name = Release;
		};
		53EED86C2EEF545200373C5F /* Debug */ = {
			isa = XCBuildConfiguration;
			buildSettings = {
				CODE_SIGN_STYLE = Automatic;
				CURRENT_PROJECT_VERSION = 1;
				DEVELOPMENT_TEAM = 3DL2NTXJ54;
				GENERATE_INFOPLIST_FILE = YES;
					MARKETING_VERSION = 1.1;
				PRODUCT_BUNDLE_IDENTIFIER = "com.Square-TierUITests";
				PRODUCT_NAME = "$(TARGET_NAME)";
				STRING_CATALOG_GENERATE_SYMBOLS = NO;
				SWIFT_APPROACHABLE_CONCURRENCY = YES;
				SWIFT_EMIT_LOC_STRINGS = NO;
				SWIFT_UPCOMING_FEATURE_MEMBER_IMPORT_VISIBILITY = YES;
				SWIFT_VERSION = 5.0;
				TARGETED_DEVICE_FAMILY = "1,2";
				TEST_TARGET_NAME = "Casa Marana";
			};
			name = Debug;
		};
		53EED86D2EEF545200373C5F /* Release */ = {
			isa = XCBuildConfiguration;
			buildSettings = {
				CODE_SIGN_STYLE = Automatic;
				CURRENT_PROJECT_VERSION = 1;
				DEVELOPMENT_TEAM = 3DL2NTXJ54;
				GENERATE_INFOPLIST_FILE = YES;
					MARKETING_VERSION = 1.1;
				PRODUCT_BUNDLE_IDENTIFIER = "com.Square-TierUITests";
				PRODUCT_NAME = "$(TARGET_NAME)";
				STRING_CATALOG_GENERATE_SYMBOLS = NO;
				SWIFT_APPROACHABLE_CONCURRENCY = YES;
				SWIFT_EMIT_LOC_STRINGS = NO;
				SWIFT_UPCOMING_FEATURE_MEMBER_IMPORT_VISIBILITY = YES;
				SWIFT_VERSION = 5.0;
				TARGETED_DEVICE_FAMILY = "1,2";
				TEST_TARGET_NAME = "Casa Marana";
			};
			name = Release;
		};
/* End XCBuildConfiguration section */

/* Begin XCConfigurationList section */
		53EED83A2EEF545100373C5F /* Build configuration list for PBXProject "Square Tier" */ = {
			isa = XCConfigurationList;
			buildConfigurations = (
				53EED8662EEF545200373C5F /* Debug */,
				53EED8672EEF545200373C5F /* Release */,
			);
			defaultConfigurationIsVisible = 0;
			defaultConfigurationName = Release;
		};
		53EED8632EEF545200373C5F /* Build configuration list for PBXNativeTarget "Casa Marana" */ = {
			isa = XCConfigurationList;
			buildConfigurations = (
				53EED8642EEF545200373C5F /* Debug */,
				53EED8652EEF545200373C5F /* Release */,
			);
			defaultConfigurationIsVisible = 0;
			defaultConfigurationName = Release;
		};
		53EED8682EEF545200373C5F /* Build configuration list for PBXNativeTarget "Square TierTests" */ = {
			isa = XCConfigurationList;
			buildConfigurations = (
				53EED8692EEF545200373C5F /* Debug */,
				53EED86A2EEF545200373C5F /* Release */,
			);
			defaultConfigurationIsVisible = 0;
			defaultConfigurationName = Release;
		};
		53EED86B2EEF545200373C5F /* Build configuration list for PBXNativeTarget "Square TierUITests" */ = {
			isa = XCConfigurationList;
			buildConfigurations = (
				53EED86C2EEF545200373C5F /* Debug */,
				53EED86D2EEF545200373C5F /* Release */,
			);
			defaultConfigurationIsVisible = 0;
			defaultConfigurationName = Release;
		};
/* End XCConfigurationList section */
	};
	rootObject = 53EED8372EEF545100373C5F /* Project object */;
}
